
Microsoft Visual Studio Solution File, Format Version 12.00
# Visual Studio 15
VisualStudioVersion = 15.0.28307.421
MinimumVisualStudioVersion = 10.0.40219.1
Project("{FAE04EC0-301F-11D3-BF4B-00C04F79EFBC}") = "KanbanProject", "KanbanProject\KanbanProject.csproj", "{076D90E1-0E38-40DE-AAD5-88AF9FFB0661}"
EndProject
Project("{FAE04EC0-301F-11D3-BF4B-00C04F79EFBC}") = "UnitTest1", "UnitTes1\UnitTest1.csproj", "{3CA42C0D-701C-451A-85EB-B4328105316C}"
EndProject
Global
	GlobalSection(SolutionConfigurationPlatforms) = preSolution
		Debug|Any CPU = Debug|Any CPU
		Release|Any CPU = Release|Any CPU
	EndGlobalSection
	GlobalSection(ProjectConfigurationPlatforms) = postSolution
		{076D90E1-0E38-40DE-AAD5-88AF9FFB0661}.Debug|Any CPU.ActiveCfg = Debug|Any CPU
		{076D90E1-0E38-40DE-AAD5-88AF9FFB0661}.Debug|Any CPU.Build.0 = Debug|Any CPU
		{076D90E1-0E38-40DE-AAD5-88AF9FFB0661}.Release|Any CPU.ActiveCfg = Release|Any CPU
		{076D90E1-0E38-40DE-AAD5-88AF9FFB0661}.Release|Any CPU.Build.0 = Release|Any CPU
		{3CA42C0D-701C-451A-85EB-B4328105316C}.Debug|Any CPU.ActiveCfg = Debug|Any CPU
		{3CA42C0D-701C-451A-85EB-B4328105316C}.Debug|Any CPU.Build.0 = Debug|Any CPU
		{3CA42C0D-701C-451A-85EB-B4328105316C}.Release|Any CPU.ActiveCfg = Release|Any CPU
		{3CA42C0D-701C-451A-85EB-B4328105316C}.Release|Any CPU.Build.0 = Release|Any CPU
	EndGlobalSection
	GlobalSection(SolutionProperties) = preSolution
		HideSolutionNode = FALSE
	EndGlobalSection
	GlobalSection(ExtensibilityGlobals) = postSolution
		SolutionGuid = {8621D5AB-2F64-40F9-B758-602CCB60B25B}
	EndGlobalSection
EndGlobal
